// !$*UTF8*$!
{
	archiveVersion = 1;
	classes = {
	};
	objectVersion = 46;
	objects = {

/* Begin PBXBuildFile section */
		67B934121BEE53F900AD068B /* UserTimelineCell.m in Sources */ = {isa = PBXBuildFile; fileRef = 67B934111BEE53F900AD068B /* UserTimelineCell.m */; };
		67B934151BEE6E8600AD068B /* MediaInfo.m in Sources */ = {isa = PBXBuildFile; fileRef = 67B934141BEE6E8600AD068B /* MediaInfo.m */; };
		67B934181BEE70E400AD068B /* MessageInfo.m in Sources */ = {isa = PBXBuildFile; fileRef = 67B934171BEE70E400AD068B /* MessageInfo.m */; };
		67B9341C1BEE721A00AD068B /* UserInfo.m in Sources */ = {isa = PBXBuildFile; fileRef = 67B9341B1BEE721A00AD068B /* UserInfo.m */; };
		67B934211BEEB58600AD068B /* UserTimelineImageCell.m in Sources */ = {isa = PBXBuildFile; fileRef = 67B934201BEEB58600AD068B /* UserTimelineImageCell.m */; };
		67B934241BEEBDB700AD068B /* ImagesContainer.m in Sources */ = {isa = PBXBuildFile; fileRef = 67B934231BEEBDB700AD068B /* ImagesContainer.m */; };
		67B934291BEEFC1600AD068B /* TwitterDetailViewController.m in Sources */ = {isa = PBXBuildFile; fileRef = 67B934281BEEFC1600AD068B /* TwitterDetailViewController.m */; };
		67B9342D1BEF0F4A00AD068B /* TwitterDetailCell.m in Sources */ = {isa = PBXBuildFile; fileRef = 67B9342C1BEF0F4A00AD068B /* TwitterDetailCell.m */; };
		67B934311BEFAD9000AD068B /* TTTAttributedLabel.m in Sources */ = {isa = PBXBuildFile; fileRef = 67B934301BEFAD9000AD068B /* TTTAttributedLabel.m */; };
		67EDE9831BED002600C1AF25 /* main.m in Sources */ = {isa = PBXBuildFile; fileRef = 67EDE9821BED002600C1AF25 /* main.m */; };
		67EDE9861BED002600C1AF25 /* AppDelegate.m in Sources */ = {isa = PBXBuildFile; fileRef = 67EDE9851BED002600C1AF25 /* AppDelegate.m */; };
		67EDE9891BED002600C1AF25 /* UserTimelineViewController.m in Sources */ = {isa = PBXBuildFile; fileRef = 67EDE9881BED002600C1AF25 /* UserTimelineViewController.m */; };
		67EDE98C1BED002600C1AF25 /* Main.storyboard in Resources */ = {isa = PBXBuildFile; fileRef = 67EDE98A1BED002600C1AF25 /* Main.storyboard */; };
		67EDE98E1BED002600C1AF25 /* Assets.xcassets in Resources */ = {isa = PBXBuildFile; fileRef = 67EDE98D1BED002600C1AF25 /* Assets.xcassets */; };
		67EDE9911BED002600C1AF25 /* LaunchScreen.storyboard in Resources */ = {isa = PBXBuildFile; fileRef = 67EDE98F1BED002600C1AF25 /* LaunchScreen.storyboard */; };
		67EDE99C1BED002600C1AF25 /* TwitterTestTests.m in Sources */ = {isa = PBXBuildFile; fileRef = 67EDE99B1BED002600C1AF25 /* TwitterTestTests.m */; };
		67EDE9BC1BED574600C1AF25 /* ServiceManager.m in Sources */ = {isa = PBXBuildFile; fileRef = 67EDE9BB1BED574600C1AF25 /* ServiceManager.m */; };
		67EDE9C01BED59F800C1AF25 /* SystemLevelConstants.m in Sources */ = {isa = PBXBuildFile; fileRef = 67EDE9BF1BED59F800C1AF25 /* SystemLevelConstants.m */; };
		67EDE9C31BED5D5000C1AF25 /* URLConfiguration.m in Sources */ = {isa = PBXBuildFile; fileRef = 67EDE9C21BED5D5000C1AF25 /* URLConfiguration.m */; };
		67EDE9C51BED5E9D00C1AF25 /* TwitterKeys.plist in Resources */ = {isa = PBXBuildFile; fileRef = 67EDE9C41BED5E9D00C1AF25 /* TwitterKeys.plist */; };
		67EDE9C91BED6DA800C1AF25 /* TwitterToken.m in Sources */ = {isa = PBXBuildFile; fileRef = 67EDE9C81BED6DA800C1AF25 /* TwitterToken.m */; };
		67EDE9CD1BED9F0800C1AF25 /* UserTimeLineModel.m in Sources */ = {isa = PBXBuildFile; fileRef = 67EDE9CC1BED9F0800C1AF25 /* UserTimeLineModel.m */; };
		67EDE9D11BEDABA000C1AF25 /* UserTimelineParser.m in Sources */ = {isa = PBXBuildFile; fileRef = 67EDE9D01BEDABA000C1AF25 /* UserTimelineParser.m */; };
		BCD47D92FDDD85FB0CDEE2EC /* libPods.a in Frameworks */ = {isa = PBXBuildFile; fileRef = 99592B8120A0AFBF3F8390C1 /* libPods.a */; };
/* End PBXBuildFile section */

/* Begin PBXContainerItemProxy section */
		67EDE9981BED002600C1AF25 /* PBXContainerItemProxy */ = {
			isa = PBXContainerItemProxy;
			containerPortal = 67EDE9761BED002600C1AF25 /* Project object */;
			proxyType = 1;
			remoteGlobalIDString = 67EDE97D1BED002600C1AF25;
			remoteInfo = TwitterTest;
		};
/* End PBXContainerItemProxy section */

/* Begin PBXFileReference section */
		67B934101BEE53F900AD068B /* UserTimelineCell.h */ = {isa = PBXFileReference; fileEncoding = 4; lastKnownFileType = sourcecode.c.h; path = UserTimelineCell.h; sourceTree = "<group>"; };
		67B934111BEE53F900AD068B /* UserTimelineCell.m */ = {isa = PBXFileReference; fileEncoding = 4; lastKnownFileType = sourcecode.c.objc; path = UserTimelineCell.m; sourceTree = "<group>"; };
		67B934131BEE6E8600AD068B /* MediaInfo.h */ = {isa = PBXFileReference; fileEncoding = 4; lastKnownFileType = sourcecode.c.h; name = MediaInfo.h; path = TwitterTest/Models/MediaInfo.h; sourceTree = SOURCE_ROOT; };
		67B934141BEE6E8600AD068B /* MediaInfo.m */ = {isa = PBXFileReference; fileEncoding = 4; lastKnownFileType = sourcecode.c.objc; name = MediaInfo.m; path = TwitterTest/Models/MediaInfo.m; sourceTree = SOURCE_ROOT; };
		67B934161BEE70E400AD068B /* MessageInfo.h */ = {isa = PBXFileReference; fileEncoding = 4; lastKnownFileType = sourcecode.c.h; name = MessageInfo.h; path = TwitterTest/Models/MessageInfo.h; sourceTree = SOURCE_ROOT; };
		67B934171BEE70E400AD068B /* MessageInfo.m */ = {isa = PBXFileReference; fileEncoding = 4; lastKnownFileType = sourcecode.c.objc; name = MessageInfo.m; path = TwitterTest/Models/MessageInfo.m; sourceTree = SOURCE_ROOT; };
		67B9341A1BEE721A00AD068B /* UserInfo.h */ = {isa = PBXFileReference; fileEncoding = 4; lastKnownFileType = sourcecode.c.h; path = UserInfo.h; sourceTree = "<group>"; };
		67B9341B1BEE721A00AD068B /* UserInfo.m */ = {isa = PBXFileReference; fileEncoding = 4; lastKnownFileType = sourcecode.c.objc; path = UserInfo.m; sourceTree = "<group>"; };
		67B9341F1BEEB58600AD068B /* UserTimelineImageCell.h */ = {isa = PBXFileReference; fileEncoding = 4; lastKnownFileType = sourcecode.c.h; path = UserTimelineImageCell.h; sourceTree = "<group>"; };
		67B934201BEEB58600AD068B /* UserTimelineImageCell.m */ = {isa = PBXFileReference; fileEncoding = 4; lastKnownFileType = sourcecode.c.objc; path = UserTimelineImageCell.m; sourceTree = "<group>"; };
		67B934221BEEBDB700AD068B /* ImagesContainer.h */ = {isa = PBXFileReference; fileEncoding = 4; lastKnownFileType = sourcecode.c.h; path = ImagesContainer.h; sourceTree = "<group>"; };
		67B934231BEEBDB700AD068B /* ImagesContainer.m */ = {isa = PBXFileReference; fileEncoding = 4; lastKnownFileType = sourcecode.c.objc; path = ImagesContainer.m; sourceTree = "<group>"; };
		67B934271BEEFC1600AD068B /* TwitterDetailViewController.h */ = {isa = PBXFileReference; fileEncoding = 4; lastKnownFileType = sourcecode.c.h; path = TwitterDetailViewController.h; sourceTree = "<group>"; };
		67B934281BEEFC1600AD068B /* TwitterDetailViewController.m */ = {isa = PBXFileReference; fileEncoding = 4; lastKnownFileType = sourcecode.c.objc; path = TwitterDetailViewController.m; sourceTree = "<group>"; };
		67B9342B1BEF0F4A00AD068B /* TwitterDetailCell.h */ = {isa = PBXFileReference; fileEncoding = 4; lastKnownFileType = sourcecode.c.h; path = TwitterDetailCell.h; sourceTree = "<group>"; };
		67B9342C1BEF0F4A00AD068B /* TwitterDetailCell.m */ = {isa = PBXFileReference; fileEncoding = 4; lastKnownFileType = sourcecode.c.objc; path = TwitterDetailCell.m; sourceTree = "<group>"; };
		67B9342F1BEFAD9000AD068B /* TTTAttributedLabel.h */ = {isa = PBXFileReference; fileEncoding = 4; lastKnownFileType = sourcecode.c.h; path = TTTAttributedLabel.h; sourceTree = "<group>"; };
		67B934301BEFAD9000AD068B /* TTTAttributedLabel.m */ = {isa = PBXFileReference; fileEncoding = 4; lastKnownFileType = sourcecode.c.objc; path = TTTAttributedLabel.m; sourceTree = "<group>"; };
		67EDE97E1BED002600C1AF25 /* TwitterTest.app */ = {isa = PBXFileReference; explicitFileType = wrapper.application; includeInIndex = 0; path = TwitterTest.app; sourceTree = BUILT_PRODUCTS_DIR; };
		67EDE9821BED002600C1AF25 /* main.m */ = {isa = PBXFileReference; lastKnownFileType = sourcecode.c.objc; path = main.m; sourceTree = "<group>"; };
		67EDE9841BED002600C1AF25 /* AppDelegate.h */ = {isa = PBXFileReference; lastKnownFileType = sourcecode.c.h; path = AppDelegate.h; sourceTree = "<group>"; };
		67EDE9851BED002600C1AF25 /* AppDelegate.m */ = {isa = PBXFileReference; lastKnownFileType = sourcecode.c.objc; path = AppDelegate.m; sourceTree = "<group>"; };
		67EDE9871BED002600C1AF25 /* UserTimelineViewController.h */ = {isa = PBXFileReference; lastKnownFileType = sourcecode.c.h; name = UserTimelineViewController.h; path = ../../UserTimelineViewController.h; sourceTree = "<group>"; };
		67EDE9881BED002600C1AF25 /* UserTimelineViewController.m */ = {isa = PBXFileReference; lastKnownFileType = sourcecode.c.objc; name = UserTimelineViewController.m; path = ../../UserTimelineViewController.m; sourceTree = "<group>"; };
		67EDE98B1BED002600C1AF25 /* Base */ = {isa = PBXFileReference; lastKnownFileType = file.storyboard; name = Base; path = Base.lproj/Main.storyboard; sourceTree = "<group>"; };
		67EDE98D1BED002600C1AF25 /* Assets.xcassets */ = {isa = PBXFileReference; lastKnownFileType = folder.assetcatalog; path = Assets.xcassets; sourceTree = "<group>"; };
		67EDE9901BED002600C1AF25 /* Base */ = {isa = PBXFileReference; lastKnownFileType = file.storyboard; name = Base; path = Base.lproj/LaunchScreen.storyboard; sourceTree = "<group>"; };
		67EDE9921BED002600C1AF25 /* Info.plist */ = {isa = PBXFileReference; lastKnownFileType = text.plist.xml; path = Info.plist; sourceTree = "<group>"; };
		67EDE9971BED002600C1AF25 /* TwitterTestTests.xctest */ = {isa = PBXFileReference; explicitFileType = wrapper.cfbundle; includeInIndex = 0; path = TwitterTestTests.xctest; sourceTree = BUILT_PRODUCTS_DIR; };
		67EDE99B1BED002600C1AF25 /* TwitterTestTests.m */ = {isa = PBXFileReference; lastKnownFileType = sourcecode.c.objc; path = TwitterTestTests.m; sourceTree = "<group>"; };
		67EDE99D1BED002600C1AF25 /* Info.plist */ = {isa = PBXFileReference; lastKnownFileType = text.plist.xml; path = Info.plist; sourceTree = "<group>"; };
		67EDE9BA1BED574600C1AF25 /* ServiceManager.h */ = {isa = PBXFileReference; fileEncoding = 4; lastKnownFileType = sourcecode.c.h; path = ServiceManager.h; sourceTree = "<group>"; };
		67EDE9BB1BED574600C1AF25 /* ServiceManager.m */ = {isa = PBXFileReference; fileEncoding = 4; lastKnownFileType = sourcecode.c.objc; path = ServiceManager.m; sourceTree = "<group>"; };
		67EDE9BE1BED59F800C1AF25 /* SystemLevelConstants.h */ = {isa = PBXFileReference; fileEncoding = 4; lastKnownFileType = sourcecode.c.h; path = SystemLevelConstants.h; sourceTree = "<group>"; };
		67EDE9BF1BED59F800C1AF25 /* SystemLevelConstants.m */ = {isa = PBXFileReference; fileEncoding = 4; lastKnownFileType = sourcecode.c.objc; path = SystemLevelConstants.m; sourceTree = "<group>"; };
		67EDE9C11BED5D5000C1AF25 /* URLConfiguration.h */ = {isa = PBXFileReference; fileEncoding = 4; lastKnownFileType = sourcecode.c.h; path = URLConfiguration.h; sourceTree = "<group>"; };
		67EDE9C21BED5D5000C1AF25 /* URLConfiguration.m */ = {isa = PBXFileReference; fileEncoding = 4; lastKnownFileType = sourcecode.c.objc; path = URLConfiguration.m; sourceTree = "<group>"; };
		67EDE9C41BED5E9D00C1AF25 /* TwitterKeys.plist */ = {isa = PBXFileReference; fileEncoding = 4; lastKnownFileType = text.plist.xml; path = TwitterKeys.plist; sourceTree = "<group>"; };
		67EDE9C71BED6DA800C1AF25 /* TwitterToken.h */ = {isa = PBXFileReference; fileEncoding = 4; lastKnownFileType = sourcecode.c.h; path = TwitterToken.h; sourceTree = "<group>"; };
		67EDE9C81BED6DA800C1AF25 /* TwitterToken.m */ = {isa = PBXFileReference; fileEncoding = 4; lastKnownFileType = sourcecode.c.objc; path = TwitterToken.m; sourceTree = "<group>"; };
		67EDE9CB1BED9F0800C1AF25 /* UserTimeLineModel.h */ = {isa = PBXFileReference; fileEncoding = 4; lastKnownFileType = sourcecode.c.h; path = UserTimeLineModel.h; sourceTree = "<group>"; };
		67EDE9CC1BED9F0800C1AF25 /* UserTimeLineModel.m */ = {isa = PBXFileReference; fileEncoding = 4; lastKnownFileType = sourcecode.c.objc; path = UserTimeLineModel.m; sourceTree = "<group>"; };
		67EDE9CF1BEDABA000C1AF25 /* UserTimelineParser.h */ = {isa = PBXFileReference; fileEncoding = 4; lastKnownFileType = sourcecode.c.h; path = UserTimelineParser.h; sourceTree = "<group>"; };
		67EDE9D01BEDABA000C1AF25 /* UserTimelineParser.m */ = {isa = PBXFileReference; fileEncoding = 4; lastKnownFileType = sourcecode.c.objc; path = UserTimelineParser.m; sourceTree = "<group>"; };
		99592B8120A0AFBF3F8390C1 /* libPods.a */ = {isa = PBXFileReference; explicitFileType = archive.ar; includeInIndex = 0; path = libPods.a; sourceTree = BUILT_PRODUCTS_DIR; };
		ACB730E405BAC2C03BA3E566 /* Pods.debug.xcconfig */ = {isa = PBXFileReference; includeInIndex = 1; lastKnownFileType = text.xcconfig; name = Pods.debug.xcconfig; path = "Pods/Target Support Files/Pods/Pods.debug.xcconfig"; sourceTree = "<group>"; };
		BDACFA0863886A5239417E7B /* Pods.release.xcconfig */ = {isa = PBXFileReference; includeInIndex = 1; lastKnownFileType = text.xcconfig; name = Pods.release.xcconfig; path = "Pods/Target Support Files/Pods/Pods.release.xcconfig"; sourceTree = "<group>"; };
/* End PBXFileReference section */

/* Begin PBXFrameworksBuildPhase section */
		67EDE97B1BED002600C1AF25 /* Frameworks */ = {
			isa = PBXFrameworksBuildPhase;
			buildActionMask = 2147483647;
			files = (
				BCD47D92FDDD85FB0CDEE2EC /* libPods.a in Frameworks */,
			);
			runOnlyForDeploymentPostprocessing = 0;
		};
		67EDE9941BED002600C1AF25 /* Frameworks */ = {
			isa = PBXFrameworksBuildPhase;
			buildActionMask = 2147483647;
			files = (
			);
			runOnlyForDeploymentPostprocessing = 0;
		};
/* End PBXFrameworksBuildPhase section */

/* Begin PBXGroup section */
		67B9340D1BEE534500AD068B /* UserTimeLineViewController */ = {
			isa = PBXGroup;
			children = (
				67B9340F1BEE538600AD068B /* TableViewCells */,
				67B9340E1BEE536D00AD068B /* ViewControllers */,
			);
			path = UserTimeLineViewController;
			sourceTree = "<group>";
		};
		67B9340E1BEE536D00AD068B /* ViewControllers */ = {
			isa = PBXGroup;
			children = (
				67EDE9871BED002600C1AF25 /* UserTimelineViewController.h */,
				67EDE9881BED002600C1AF25 /* UserTimelineViewController.m */,
			);
			path = ViewControllers;
			sourceTree = "<group>";
		};
		67B9340F1BEE538600AD068B /* TableViewCells */ = {
			isa = PBXGroup;
			children = (
				67B934101BEE53F900AD068B /* UserTimelineCell.h */,
				67B934111BEE53F900AD068B /* UserTimelineCell.m */,
				67B9341F1BEEB58600AD068B /* UserTimelineImageCell.h */,
				67B934201BEEB58600AD068B /* UserTimelineImageCell.m */,
			);
			path = TableViewCells;
			sourceTree = "<group>";
		};
		67B934191BEE720B00AD068B /* UserInfo */ = {
			isa = PBXGroup;
			children = (
				67B9341A1BEE721A00AD068B /* UserInfo.h */,
				67B9341B1BEE721A00AD068B /* UserInfo.m */,
			);
			path = UserInfo;
			sourceTree = "<group>";
		};
		67B9341D1BEEA04C00AD068B /* MediaInfo */ = {
			isa = PBXGroup;
			children = (
				67B934131BEE6E8600AD068B /* MediaInfo.h */,
				67B934141BEE6E8600AD068B /* MediaInfo.m */,
			);
			path = MediaInfo;
			sourceTree = "<group>";
		};
		67B9341E1BEEA06700AD068B /* MessageInfo */ = {
			isa = PBXGroup;
			children = (
				67B934161BEE70E400AD068B /* MessageInfo.h */,
				67B934171BEE70E400AD068B /* MessageInfo.m */,
			);
			path = MessageInfo;
			sourceTree = "<group>";
		};
		67B934251BEEF91200AD068B /* TwitterDetailViewController */ = {
			isa = PBXGroup;
			children = (
				67B9342A1BEF0F2600AD068B /* TableCells */,
				67B934261BEEFBEF00AD068B /* ViewControllers */,
			);
			path = TwitterDetailViewController;
			sourceTree = "<group>";
		};
		67B934261BEEFBEF00AD068B /* ViewControllers */ = {
			isa = PBXGroup;
			children = (
				67B934271BEEFC1600AD068B /* TwitterDetailViewController.h */,
				67B934281BEEFC1600AD068B /* TwitterDetailViewController.m */,
			);
			path = ViewControllers;
			sourceTree = "<group>";
		};
		67B9342A1BEF0F2600AD068B /* TableCells */ = {
			isa = PBXGroup;
			children = (
				67B9342B1BEF0F4A00AD068B /* TwitterDetailCell.h */,
				67B9342C1BEF0F4A00AD068B /* TwitterDetailCell.m */,
			);
			path = TableCells;
			sourceTree = "<group>";
		};
		67B9342E1BEFAD9000AD068B /* TTTAttributedLabel */ = {
			isa = PBXGroup;
			children = (
				67B9342F1BEFAD9000AD068B /* TTTAttributedLabel.h */,
				67B934301BEFAD9000AD068B /* TTTAttributedLabel.m */,
			);
			path = TTTAttributedLabel;
			sourceTree = "<group>";
		};
		67EDE9751BED002600C1AF25 = {
			isa = PBXGroup;
			children = (
				67EDE9801BED002600C1AF25 /* TwitterTest */,
				67EDE99A1BED002600C1AF25 /* TwitterTestTests */,
				67EDE97F1BED002600C1AF25 /* Products */,
				C21EC7BCC58AA9F9025855F8 /* Pods */,
				EF39687E0990BBF9D906AF60 /* Frameworks */,
			);
			sourceTree = "<group>";
		};
		67EDE97F1BED002600C1AF25 /* Products */ = {
			isa = PBXGroup;
			children = (
				67EDE97E1BED002600C1AF25 /* TwitterTest.app */,
				67EDE9971BED002600C1AF25 /* TwitterTestTests.xctest */,
			);
			name = Products;
			sourceTree = "<group>";
		};
		67EDE9801BED002600C1AF25 /* TwitterTest */ = {
			isa = PBXGroup;
			children = (
				67B9342E1BEFAD9000AD068B /* TTTAttributedLabel */,
				67EDE9CE1BEDAB7400C1AF25 /* Parser */,
				67EDE9CA1BED9EC200C1AF25 /* Models */,
				67EDE9C61BED6AD700C1AF25 /* Protocols */,
				67EDE9BD1BED59E000C1AF25 /* Constants */,
				67EDE9B91BED572E00C1AF25 /* ServiceManager */,
				67B9340D1BEE534500AD068B /* UserTimeLineViewController */,
				67B934251BEEF91200AD068B /* TwitterDetailViewController */,
				67EDE9841BED002600C1AF25 /* AppDelegate.h */,
				67EDE9851BED002600C1AF25 /* AppDelegate.m */,
				67EDE98A1BED002600C1AF25 /* Main.storyboard */,
				67EDE98D1BED002600C1AF25 /* Assets.xcassets */,
				67EDE98F1BED002600C1AF25 /* LaunchScreen.storyboard */,
				67EDE9921BED002600C1AF25 /* Info.plist */,
				67EDE9C41BED5E9D00C1AF25 /* TwitterKeys.plist */,
				67EDE9811BED002600C1AF25 /* Supporting Files */,
			);
			path = TwitterTest;
			sourceTree = "<group>";
		};
		67EDE9811BED002600C1AF25 /* Supporting Files */ = {
			isa = PBXGroup;
			children = (
				67EDE9821BED002600C1AF25 /* main.m */,
			);
			name = "Supporting Files";
			sourceTree = "<group>";
		};
		67EDE99A1BED002600C1AF25 /* TwitterTestTests */ = {
			isa = PBXGroup;
			children = (
				67EDE99B1BED002600C1AF25 /* TwitterTestTests.m */,
				67EDE99D1BED002600C1AF25 /* Info.plist */,
			);
			path = TwitterTestTests;
			sourceTree = "<group>";
		};
		67EDE9B91BED572E00C1AF25 /* ServiceManager */ = {
			isa = PBXGroup;
			children = (
				67EDE9BA1BED574600C1AF25 /* ServiceManager.h */,
				67EDE9BB1BED574600C1AF25 /* ServiceManager.m */,
			);
			path = ServiceManager;
			sourceTree = "<group>";
		};
		67EDE9BD1BED59E000C1AF25 /* Constants */ = {
			isa = PBXGroup;
			children = (
				67EDE9BE1BED59F800C1AF25 /* SystemLevelConstants.h */,
				67EDE9BF1BED59F800C1AF25 /* SystemLevelConstants.m */,
				67EDE9C11BED5D5000C1AF25 /* URLConfiguration.h */,
				67EDE9C21BED5D5000C1AF25 /* URLConfiguration.m */,
			);
			path = Constants;
			sourceTree = "<group>";
		};
		67EDE9C61BED6AD700C1AF25 /* Protocols */ = {
			isa = PBXGroup;
			children = (
				67EDE9C71BED6DA800C1AF25 /* TwitterToken.h */,
				67EDE9C81BED6DA800C1AF25 /* TwitterToken.m */,
			);
			path = Protocols;
			sourceTree = "<group>";
		};
		67EDE9CA1BED9EC200C1AF25 /* Models */ = {
			isa = PBXGroup;
			children = (
				67B934191BEE720B00AD068B /* UserInfo */,
				67B9341E1BEEA06700AD068B /* MessageInfo */,
				67B9341D1BEEA04C00AD068B /* MediaInfo */,
				67EDE9CB1BED9F0800C1AF25 /* UserTimeLineModel.h */,
				67EDE9CC1BED9F0800C1AF25 /* UserTimeLineModel.m */,
				67B934221BEEBDB700AD068B /* ImagesContainer.h */,
				67B934231BEEBDB700AD068B /* ImagesContainer.m */,
			);
			path = Models;
			sourceTree = "<group>";
		};
		67EDE9CE1BEDAB7400C1AF25 /* Parser */ = {
			isa = PBXGroup;
			children = (
				67EDE9CF1BEDABA000C1AF25 /* UserTimelineParser.h */,
				67EDE9D01BEDABA000C1AF25 /* UserTimelineParser.m */,
			);
			path = Parser;
			sourceTree = "<group>";
		};
		C21EC7BCC58AA9F9025855F8 /* Pods */ = {
			isa = PBXGroup;
			children = (
				ACB730E405BAC2C03BA3E566 /* Pods.debug.xcconfig */,
				BDACFA0863886A5239417E7B /* Pods.release.xcconfig */,
			);
			name = Pods;
			sourceTree = "<group>";
		};
		EF39687E0990BBF9D906AF60 /* Frameworks */ = {
			isa = PBXGroup;
			children = (
				99592B8120A0AFBF3F8390C1 /* libPods.a */,
			);
			name = Frameworks;
			sourceTree = "<group>";
		};
/* End PBXGroup section */

/* Begin PBXNativeTarget section */
		67EDE97D1BED002600C1AF25 /* TwitterTest */ = {
			isa = PBXNativeTarget;
			buildConfigurationList = 67EDE9A01BED002600C1AF25 /* Build configuration list for PBXNativeTarget "TwitterTest" */;
			buildPhases = (
				ED87AA8A79ABEF73F4FAA4D6 /* Check Pods Manifest.lock */,
				67EDE97A1BED002600C1AF25 /* Sources */,
				67EDE97B1BED002600C1AF25 /* Frameworks */,
				67EDE97C1BED002600C1AF25 /* Resources */,
				025F813154AB7F97A2BD3E27 /* Embed Pods Frameworks */,
				E67300773DDD01525B2843C0 /* Copy Pods Resources */,
			);
			buildRules = (
			);
			dependencies = (
			);
			name = TwitterTest;
			productName = TwitterTest;
			productReference = 67EDE97E1BED002600C1AF25 /* TwitterTest.app */;
			productType = "com.apple.product-type.application";
		};
		67EDE9961BED002600C1AF25 /* TwitterTestTests */ = {
			isa = PBXNativeTarget;
			buildConfigurationList = 67EDE9A31BED002600C1AF25 /* Build configuration list for PBXNativeTarget "TwitterTestTests" */;
			buildPhases = (
				67EDE9931BED002600C1AF25 /* Sources */,
				67EDE9941BED002600C1AF25 /* Frameworks */,
				67EDE9951BED002600C1AF25 /* Resources */,
			);
			buildRules = (
			);
			dependencies = (
				67EDE9991BED002600C1AF25 /* PBXTargetDependency */,
			);
			name = TwitterTestTests;
			productName = TwitterTestTests;
			productReference = 67EDE9971BED002600C1AF25 /* TwitterTestTests.xctest */;
			productType = "com.apple.product-type.bundle.unit-test";
		};
/* End PBXNativeTarget section */

/* Begin PBXProject section */
		67EDE9761BED002600C1AF25 /* Project object */ = {
			isa = PBXProject;
			attributes = {
				LastUpgradeCheck = 0710;
				ORGANIZATIONNAME = Ecovent;
				TargetAttributes = {
					67EDE97D1BED002600C1AF25 = {
						CreatedOnToolsVersion = 7.1;
					};
					67EDE9961BED002600C1AF25 = {
						CreatedOnToolsVersion = 7.1;
						TestTargetID = 67EDE97D1BED002600C1AF25;
					};
				};
			};
			buildConfigurationList = 67EDE9791BED002600C1AF25 /* Build configuration list for PBXProject "TwitterTest" */;
			compatibilityVersion = "Xcode 3.2";
			developmentRegion = English;
			hasScannedForEncodings = 0;
			knownRegions = (
				en,
				Base,
			);
			mainGroup = 67EDE9751BED002600C1AF25;
			productRefGroup = 67EDE97F1BED002600C1AF25 /* Products */;
			projectDirPath = "";
			projectRoot = "";
			targets = (
				67EDE97D1BED002600C1AF25 /* TwitterTest */,
				67EDE9961BED002600C1AF25 /* TwitterTestTests */,
			);
		};
/* End PBXProject section */

/* Begin PBXResourcesBuildPhase section */
		67EDE97C1BED002600C1AF25 /* Resources */ = {
			isa = PBXResourcesBuildPhase;
			buildActionMask = 2147483647;
			files = (
				67EDE9911BED002600C1AF25 /* LaunchScreen.storyboard in Resources */,
				67EDE98E1BED002600C1AF25 /* Assets.xcassets in Resources */,
				67EDE9C51BED5E9D00C1AF25 /* TwitterKeys.plist in Resources */,
				67EDE98C1BED002600C1AF25 /* Main.storyboard in Resources */,
			);
			runOnlyForDeploymentPostprocessing = 0;
		};
		67EDE9951BED002600C1AF25 /* Resources */ = {
			isa = PBXResourcesBuildPhase;
			buildActionMask = 2147483647;
			files = (
			);
			runOnlyForDeploymentPostprocessing = 0;
		};
/* End PBXResourcesBuildPhase section */

/* Begin PBXShellScriptBuildPhase section */
		025F813154AB7F97A2BD3E27 /* Embed Pods Frameworks */ = {
			isa = PBXShellScriptBuildPhase;
			buildActionMask = 2147483647;
			files = (
			);
			inputPaths = (
			);
			name = "Embed Pods Frameworks";
			outputPaths = (
			);
			runOnlyForDeploymentPostprocessing = 0;
			shellPath = /bin/sh;
			shellScript = "\"${SRCROOT}/Pods/Target Support Files/Pods/Pods-frameworks.sh\"\n";
			showEnvVarsInLog = 0;
		};
		E67300773DDD01525B2843C0 /* Copy Pods Resources */ = {
			isa = PBXShellScriptBuildPhase;
			buildActionMask = 2147483647;
			files = (
			);
			inputPaths = (
			);
			name = "Copy Pods Resources";
			outputPaths = (
			);
			runOnlyForDeploymentPostprocessing = 0;
			shellPath = /bin/sh;
			shellScript = "\"${SRCROOT}/Pods/Target Support Files/Pods/Pods-resources.sh\"\n";
			showEnvVarsInLog = 0;
		};
		ED87AA8A79ABEF73F4FAA4D6 /* Check Pods Manifest.lock */ = {
			isa = PBXShellScriptBuildPhase;
			buildActionMask = 2147483647;
			files = (
			);
			inputPaths = (
			);
			name = "Check Pods Manifest.lock";
			outputPaths = (
			);
			runOnlyForDeploymentPostprocessing = 0;
			shellPath = /bin/sh;
			shellScript = "diff \"${PODS_ROOT}/../Podfile.lock\" \"${PODS_ROOT}/Manifest.lock\" > /dev/null\nif [[ $? != 0 ]] ; then\n    cat << EOM\nerror: The sandbox is not in sync with the Podfile.lock. Run 'pod install' or update your CocoaPods installation.\nEOM\n    exit 1\nfi\n";
			showEnvVarsInLog = 0;
		};
/* End PBXShellScriptBuildPhase section */

/* Begin PBXSourcesBuildPhase section */
		67EDE97A1BED002600C1AF25 /* Sources */ = {
			isa = PBXSourcesBuildPhase;
			buildActionMask = 2147483647;
			files = (
				67B9341C1BEE721A00AD068B /* UserInfo.m in Sources */,
				67EDE9C91BED6DA800C1AF25 /* TwitterToken.m in Sources */,
				67EDE9C31BED5D5000C1AF25 /* URLConfiguration.m in Sources */,
				67EDE9891BED002600C1AF25 /* UserTimelineViewController.m in Sources */,
				67EDE9861BED002600C1AF25 /* AppDelegate.m in Sources */,
				67B934211BEEB58600AD068B /* UserTimelineImageCell.m in Sources */,
				67EDE9831BED002600C1AF25 /* main.m in Sources */,
				67EDE9D11BEDABA000C1AF25 /* UserTimelineParser.m in Sources */,
				67B9342D1BEF0F4A00AD068B /* TwitterDetailCell.m in Sources */,
				67EDE9CD1BED9F0800C1AF25 /* UserTimeLineModel.m in Sources */,
				67B934241BEEBDB700AD068B /* ImagesContainer.m in Sources */,
				67EDE9BC1BED574600C1AF25 /* ServiceManager.m in Sources */,
				67B934151BEE6E8600AD068B /* MediaInfo.m in Sources */,
				67B934181BEE70E400AD068B /* MessageInfo.m in Sources */,
				67B934291BEEFC1600AD068B /* TwitterDetailViewController.m in Sources */,
				67EDE9C01BED59F800C1AF25 /* SystemLevelConstants.m in Sources */,
				67B934121BEE53F900AD068B /* UserTimelineCell.m in Sources */,
				67B934311BEFAD9000AD068B /* TTTAttributedLabel.m in Sources */,
			);
			runOnlyForDeploymentPostprocessing = 0;
		};
		67EDE9931BED002600C1AF25 /* Sources */ = {
			isa = PBXSourcesBuildPhase;
			buildActionMask = 2147483647;
			files = (
				67EDE99C1BED002600C1AF25 /* TwitterTestTests.m in Sources */,
			);
			runOnlyForDeploymentPostprocessing = 0;
		};
/* End PBXSourcesBuildPhase section */

/* Begin PBXTargetDependency section */
		67EDE9991BED002600C1AF25 /* PBXTargetDependency */ = {
			isa = PBXTargetDependency;
			target = 67EDE97D1BED002600C1AF25 /* TwitterTest */;
			targetProxy = 67EDE9981BED002600C1AF25 /* PBXContainerItemProxy */;
		};
/* End PBXTargetDependency section */

/* Begin PBXVariantGroup section */
		67EDE98A1BED002600C1AF25 /* Main.storyboard */ = {
			isa = PBXVariantGroup;
			children = (
				67EDE98B1BED002600C1AF25 /* Base */,
			);
			name = Main.storyboard;
			sourceTree = "<group>";
		};
		67EDE98F1BED002600C1AF25 /* LaunchScreen.storyboard */ = {
			isa = PBXVariantGroup;
			children = (
				67EDE9901BED002600C1AF25 /* Base */,
			);
			name = LaunchScreen.storyboard;
			sourceTree = "<group>";
		};
/* End PBXVariantGroup section */

/* Begin XCBuildConfiguration section */
		67EDE99E1BED002600C1AF25 /* Debug */ = {
			isa = XCBuildConfiguration;
			buildSettings = {
				ALWAYS_SEARCH_USER_PATHS = NO;
				CLANG_CXX_LANGUAGE_STANDARD = "gnu++0x";
				CLANG_CXX_LIBRARY = "libc++";
				CLANG_ENABLE_MODULES = YES;
				CLANG_ENABLE_OBJC_ARC = YES;
				CLANG_WARN_BOOL_CONVERSION = YES;
				CLANG_WARN_CONSTANT_CONVERSION = YES;
				CLANG_WARN_DIRECT_OBJC_ISA_USAGE = YES_ERROR;
				CLANG_WARN_EMPTY_BODY = YES;
				CLANG_WARN_ENUM_CONVERSION = YES;
				CLANG_WARN_INT_CONVERSION = YES;
				CLANG_WARN_OBJC_ROOT_CLASS = YES_ERROR;
				CLANG_WARN_UNREACHABLE_CODE = YES;
				CLANG_WARN__DUPLICATE_METHOD_MATCH = YES;
				"CODE_SIGN_IDENTITY[sdk=iphoneos*]" = "iPhone Developer";
				COPY_PHASE_STRIP = NO;
				DEBUG_INFORMATION_FORMAT = dwarf;
				ENABLE_STRICT_OBJC_MSGSEND = YES;
				ENABLE_TESTABILITY = YES;
				GCC_C_LANGUAGE_STANDARD = gnu99;
				GCC_DYNAMIC_NO_PIC = NO;
				GCC_NO_COMMON_BLOCKS = YES;
				GCC_OPTIMIZATION_LEVEL = 0;
				GCC_PREPROCESSOR_DEFINITIONS = (
					"DEBUG=1",
					"$(inherited)",
				);
				GCC_WARN_64_TO_32_BIT_CONVERSION = YES;
				GCC_WARN_ABOUT_RETURN_TYPE = YES_ERROR;
				GCC_WARN_UNDECLARED_SELECTOR = YES;
				GCC_WARN_UNINITIALIZED_AUTOS = YES_AGGRESSIVE;
				GCC_WARN_UNUSED_FUNCTION = YES;
				GCC_WARN_UNUSED_VARIABLE = YES;
				IPHONEOS_DEPLOYMENT_TARGET = 9.1;
				MTL_ENABLE_DEBUG_INFO = YES;
				ONLY_ACTIVE_ARCH = YES;
				SDKROOT = iphoneos;
			};
			name = Debug;
		};
		67EDE99F1BED002600C1AF25 /* Release */ = {
			isa = XCBuildConfiguration;
			buildSettings = {
				ALWAYS_SEARCH_USER_PATHS = NO;
				CLANG_CXX_LANGUAGE_STANDARD = "gnu++0x";
				CLANG_CXX_LIBRARY = "libc++";
				CLANG_ENABLE_MODULES = YES;
				CLANG_ENABLE_OBJC_ARC = YES;
				CLANG_WARN_BOOL_CONVERSION = YES;
				CLANG_WARN_CONSTANT_CONVERSION = YES;
				CLANG_WARN_DIRECT_OBJC_ISA_USAGE = YES_ERROR;
				CLANG_WARN_EMPTY_BODY = YES;
				CLANG_WARN_ENUM_CONVERSION = YES;
				CLANG_WARN_INT_CONVERSION = YES;
				CLANG_WARN_OBJC_ROOT_CLASS = YES_ERROR;
				CLANG_WARN_UNREACHABLE_CODE = YES;
				CLANG_WARN__DUPLICATE_METHOD_MATCH = YES;
				"CODE_SIGN_IDENTITY[sdk=iphoneos*]" = "iPhone Developer";
				COPY_PHASE_STRIP = NO;
				DEBUG_INFORMATION_FORMAT = "dwarf-with-dsym";
				ENABLE_NS_ASSERTIONS = NO;
				ENABLE_STRICT_OBJC_MSGSEND = YES;
				GCC_C_LANGUAGE_STANDARD = gnu99;
				GCC_NO_COMMON_BLOCKS = YES;
				GCC_WARN_64_TO_32_BIT_CONVERSION = YES;
				GCC_WARN_ABOUT_RETURN_TYPE = YES_ERROR;
				GCC_WARN_UNDECLARED_SELECTOR = YES;
				GCC_WARN_UNINITIALIZED_AUTOS = YES_AGGRESSIVE;
				GCC_WARN_UNUSED_FUNCTION = YES;
				GCC_WARN_UNUSED_VARIABLE = YES;
				IPHONEOS_DEPLOYMENT_TARGET = 9.1;
				MTL_ENABLE_DEBUG_INFO = NO;
				SDKROOT = iphoneos;
				VALIDATE_PRODUCT = YES;
			};
			name = Release;
		};
		67EDE9A11BED002600C1AF25 /* Debug */ = {
			isa = XCBuildConfiguration;
			baseConfigurationReference = ACB730E405BAC2C03BA3E566 /* Pods.debug.xcconfig */;
			buildSettings = {
				ASSETCATALOG_COMPILER_APPICON_NAME = AppIcon;
				INFOPLIST_FILE = TwitterTest/Info.plist;
				IPHONEOS_DEPLOYMENT_TARGET = 8.0;
				LD_RUNPATH_SEARCH_PATHS = "$(inherited) @executable_path/Frameworks";
				PRODUCT_BUNDLE_IDENTIFIER = com.ecovent.TwitterTest;
				PRODUCT_NAME = "$(TARGET_NAME)";
			};
			name = Debug;
		};
		67EDE9A21BED002600C1AF25 /* Release */ = {
			isa = XCBuildConfiguration;
			baseConfigurationReference = BDACFA0863886A5239417E7B /* Pods.release.xcconfig */;
			buildSettings = {
				ASSETCATALOG_COMPILER_APPICON_NAME = AppIcon;
				INFOPLIST_FILE = TwitterTest/Info.plist;
				IPHONEOS_DEPLOYMENT_TARGET = 8.0;
				LD_RUNPATH_SEARCH_PATHS = "$(inherited) @executable_path/Frameworks";
				PRODUCT_BUNDLE_IDENTIFIER = com.ecovent.TwitterTest;
				PRODUCT_NAME = "$(TARGET_NAME)";
			};
			name = Release;
		};
		67EDE9A41BED002600C1AF25 /* Debug */ = {
			isa = XCBuildConfiguration;
			buildSettings = {
				BUNDLE_LOADER = "$(TEST_HOST)";
				INFOPLIST_FILE = TwitterTestTests/Info.plist;
				LD_RUNPATH_SEARCH_PATHS = "$(inherited) @executable_path/Frameworks @loader_path/Frameworks";
				PRODUCT_BUNDLE_IDENTIFIER = com.ecovent.TwitterTestTests;
				PRODUCT_NAME = "$(TARGET_NAME)";
				TEST_HOST = "$(BUILT_PRODUCTS_DIR)/TwitterTest.app/TwitterTest";
			};
			name = Debug;
		};
		67EDE9A51BED002600C1AF25 /* Release */ = {
			isa = XCBuildConfiguration;
			buildSettings = {
				BUNDLE_LOADER = "$(TEST_HOST)";
				INFOPLIST_FILE = TwitterTestTests/Info.plist;
				LD_RUNPATH_SEARCH_PATHS = "$(inherited) @executable_path/Frameworks @loader_path/Frameworks";
				PRODUCT_BUNDLE_IDENTIFIER = com.ecovent.TwitterTestTests;
				PRODUCT_NAME = "$(TARGET_NAME)";
				TEST_HOST = "$(BUILT_PRODUCTS_DIR)/TwitterTest.app/TwitterTest";
			};
			name = Release;
		};
/* End XCBuildConfiguration section */

/* Begin XCConfigurationList section */
		67EDE9791BED002600C1AF25 /* Build configuration list for PBXProject "TwitterTest" */ = {
			isa = XCConfigurationList;
			buildConfigurations = (
				67EDE99E1BED002600C1AF25 /* Debug */,
				67EDE99F1BED002600C1AF25 /* Release */,
			);
			defaultConfigurationIsVisible = 0;
			defaultConfigurationName = Release;
		};
		67EDE9A01BED002600C1AF25 /* Build configuration list for PBXNativeTarget "TwitterTest" */ = {
			isa = XCConfigurationList;
			buildConfigurations = (
				67EDE9A11BED002600C1AF25 /* Debug */,
				67EDE9A21BED002600C1AF25 /* Release */,
			);
			defaultConfigurationIsVisible = 0;
			defaultConfigurationName = Release;
		};
		67EDE9A31BED002600C1AF25 /* Build configuration list for PBXNativeTarget "TwitterTestTests" */ = {
			isa = XCConfigurationList;
			buildConfigurations = (
				67EDE9A41BED002600C1AF25 /* Debug */,
				67EDE9A51BED002600C1AF25 /* Release */,
			);
			defaultConfigurationIsVisible = 0;
			defaultConfigurationName = Release;
		};
/* End XCConfigurationList section */
	};
	rootObject = 67EDE9761BED002600C1AF25 /* Project object */;
}
